
Microsoft Visual Studio Solution File, Format Version 12.00
# Visual Studio Version 17
VisualStudioVersion = 17.9.34622.214
MinimumVisualStudioVersion = 10.0.40219.1
Project("{9A19103F-16F7-4668-BE54-9A1E7A4F7556}") = "HTMLToPDF_CEF_NET6", "HTMLToPDF_CEF_NET6.csproj", "{B9D8B7E0-F26D-4557-9716-927129F67420}"
EndProject
Global
	GlobalSection(SolutionConfigurationPlatforms) = preSolution
		Debug|Any CPU = Debug|Any CPU
		Debug|x64 = Debug|x64
		Release|Any CPU = Release|Any CPU
		Release|x64 = Release|x64
		Release-Xml|Any CPU = Release-Xml|Any CPU
		Release-Xml|x64 = Release-Xml|x64
	EndGlobalSection
	GlobalSection(ProjectConfigurationPlatforms) = postSolution
		{B9D8B7E0-F26D-4557-9716-927129F67420}.Debug|Any CPU.ActiveCfg = Debug|Any CPU
		{B9D8B7E0-F26D-4557-9716-927129F67420}.Debug|Any CPU.Build.0 = Debug|Any CPU
		{B9D8B7E0-F26D-4557-9716-927129F67420}.Debug|x64.ActiveCfg = Debug|Any CPU
		{B9D8B7E0-F26D-4557-9716-927129F67420}.Debug|x64.Build.0 = Debug|Any CPU
		{B9D8B7E0-F26D-4557-9716-927129F67420}.Release|Any CPU.ActiveCfg = Release|Any CPU
		{B9D8B7E0-F26D-4557-9716-927129F67420}.Release|Any CPU.Build.0 = Release|Any CPU
		{B9D8B7E0-F26D-4557-9716-927129F67420}.Release|x64.ActiveCfg = Release|Any CPU
		{B9D8B7E0-F26D-4557-9716-927129F67420}.Release|x64.Build.0 = Release|Any CPU
		{B9D8B7E0-F26D-4557-9716-927129F67420}.Release-Xml|Any CPU.ActiveCfg = Release|Any CPU
		{B9D8B7E0-F26D-4557-9716-927129F67420}.Release-Xml|Any CPU.Build.0 = Release|Any CPU
		{B9D8B7E0-F26D-4557-9716-927129F67420}.Release-Xml|x64.ActiveCfg = Release|Any CPU
		{B9D8B7E0-F26D-4557-9716-927129F67420}.Release-Xml|x64.Build.0 = Release|Any CPU
	EndGlobalSection
	GlobalSection(SolutionProperties) = preSolution
		HideSolutionNode = FALSE
	EndGlobalSection
	GlobalSection(ExtensibilityGlobals) = postSolution
		SolutionGuid = {CCF61ED8-319E-4853-874C-D3AAAF804480}
	EndGlobalSection
EndGlobal
