
Microsoft Visual Studio Solution File, Format Version 12.00
# Visual Studio Version 16
VisualStudioVersion = 16.0.31911.196
MinimumVisualStudioVersion = 10.0.40219.1
Project("{9A19103F-16F7-4668-BE54-9A1E7A4F7556}") = "Cef-HtmlToPdf-Demo", "Cef-HtmlToPdf-Demo\Cef-HtmlToPdf-Demo.csproj", "{259E8617-2445-48CC-8D66-ED9C247BE09C}"
EndProject
Project("{9A19103F-16F7-4668-BE54-9A1E7A4F7556}") = "Syncfusion.HtmlToPdfConverter.Cef.Net.Core.Windows", "..\Src\Syncfusion.HtmlToPdfConverter.Cef.Net.Core.Windows.csproj", "{22A6A575-9130-4BAA-B985-A953013A2867}"
EndProject
Global
	GlobalSection(SolutionConfigurationPlatforms) = preSolution
		Debug|Any CPU = Debug|Any CPU
		Release|Any CPU = Release|Any CPU
	EndGlobalSection
	GlobalSection(ProjectConfigurationPlatforms) = postSolution
		{259E8617-2445-48CC-8D66-ED9C247BE09C}.Debug|Any CPU.ActiveCfg = Debug|Any CPU
		{259E8617-2445-48CC-8D66-ED9C247BE09C}.Debug|Any CPU.Build.0 = Debug|Any CPU
		{259E8617-2445-48CC-8D66-ED9C247BE09C}.Release|Any CPU.ActiveCfg = Release|Any CPU
		{259E8617-2445-48CC-8D66-ED9C247BE09C}.Release|Any CPU.Build.0 = Release|Any CPU
		{22A6A575-9130-4BAA-B985-A953013A2867}.Debug|Any CPU.ActiveCfg = Debug|Any CPU
		{22A6A575-9130-4BAA-B985-A953013A2867}.Debug|Any CPU.Build.0 = Debug|Any CPU
		{22A6A575-9130-4BAA-B985-A953013A2867}.Release|Any CPU.ActiveCfg = Release|Any CPU
		{22A6A575-9130-4BAA-B985-A953013A2867}.Release|Any CPU.Build.0 = Release|Any CPU
	EndGlobalSection
	GlobalSection(SolutionProperties) = preSolution
		HideSolutionNode = FALSE
	EndGlobalSection
	GlobalSection(ExtensibilityGlobals) = postSolution
		SolutionGuid = {BD25C3FF-04CD-46A7-B320-0A4C36DED6EC}
	EndGlobalSection
EndGlobal
