
Microsoft Visual Studio Solution File, Format Version 12.00
# Visual Studio Version 16
VisualStudioVersion = 16.0.31911.196
MinimumVisualStudioVersion = 10.0.40219.1
Project("{9A19103F-16F7-4668-BE54-9A1E7A4F7556}") = "Syncfusion.HtmlToPdfConverter.Cef.Net.Core.Windows", "Syncfusion.HtmlToPdfConverter.Cef.Net.Core.Windows.csproj", "{B30A91A8-A3C8-4EB3-8EFE-5206064451EE}"
EndProject
Global
	GlobalSection(SolutionConfigurationPlatforms) = preSolution
		Debug|Any CPU = Debug|Any CPU
		Debug-XML|Any CPU = Debug-XML|Any CPU
		Release|Any CPU = Release|Any CPU
		Release-XML|Any CPU = Release-XML|Any CPU
	EndGlobalSection
	GlobalSection(ProjectConfigurationPlatforms) = postSolution
		{B30A91A8-A3C8-4EB3-8EFE-5206064451EE}.Debug|Any CPU.ActiveCfg = Debug|Any CPU
		{B30A91A8-A3C8-4EB3-8EFE-5206064451EE}.Debug|Any CPU.Build.0 = Debug|Any CPU
		{B30A91A8-A3C8-4EB3-8EFE-5206064451EE}.Debug-XML|Any CPU.ActiveCfg = Debug-XML|Any CPU
		{B30A91A8-A3C8-4EB3-8EFE-5206064451EE}.Debug-XML|Any CPU.Build.0 = Debug-XML|Any CPU
		{B30A91A8-A3C8-4EB3-8EFE-5206064451EE}.Release|Any CPU.ActiveCfg = Release|Any CPU
		{B30A91A8-A3C8-4EB3-8EFE-5206064451EE}.Release|Any CPU.Build.0 = Release|Any CPU
		{B30A91A8-A3C8-4EB3-8EFE-5206064451EE}.Release-XML|Any CPU.ActiveCfg = Release-XML|Any CPU
		{B30A91A8-A3C8-4EB3-8EFE-5206064451EE}.Release-XML|Any CPU.Build.0 = Release-XML|Any CPU
	EndGlobalSection
	GlobalSection(SolutionProperties) = preSolution
		HideSolutionNode = FALSE
	EndGlobalSection
	GlobalSection(ExtensibilityGlobals) = postSolution
		SolutionGuid = {6AA0362F-D412-4E5F-9453-99D71C902174}
	EndGlobalSection
EndGlobal
